
Microsoft Visual Studio Solution File, Format Version 12.00
# Visual Studio 14
VisualStudioVersion = 14.0.25420.1
MinimumVisualStudioVersion = 10.0.40219.1
Project("{888888A0-9F3D-457C-B088-3A5042F75D52}") = "nistTraining", "nistTraining\nistTraining.pyproj", "{16C8155F-9AE0-4A8C-92D3-75D7D0299FA2}"
EndProject
Project("{888888A0-9F3D-457C-B088-3A5042F75D52}") = "nistTrainingUnbiasedRatios", "nistTrainingUnbiasedRatios\nistTrainingUnbiasedRatios.pyproj", "{5CC0B16E-2FE2-401E-A860-1C2CEF5F5AC0}"
EndProject
Global
	GlobalSection(SolutionConfigurationPlatforms) = preSolution
		Debug|Any CPU = Debug|Any CPU
		Release|Any CPU = Release|Any CPU
	EndGlobalSection
	GlobalSection(ProjectConfigurationPlatforms) = postSolution
		{16C8155F-9AE0-4A8C-92D3-75D7D0299FA2}.Debug|Any CPU.ActiveCfg = Debug|Any CPU
		{16C8155F-9AE0-4A8C-92D3-75D7D0299FA2}.Release|Any CPU.ActiveCfg = Release|Any CPU
		{5CC0B16E-2FE2-401E-A860-1C2CEF5F5AC0}.Debug|Any CPU.ActiveCfg = Debug|Any CPU
		{5CC0B16E-2FE2-401E-A860-1C2CEF5F5AC0}.Release|Any CPU.ActiveCfg = Release|Any CPU
	EndGlobalSection
	GlobalSection(SolutionProperties) = preSolution
		HideSolutionNode = FALSE
	EndGlobalSection
EndGlobal
